// !$*UTF8*$!
{
	archiveVersion = 1;
	classes = {
	};
	objectVersion = 51;
	objects = {

/* Begin PBXBuildFile section */
		0D1930FE2258C489006A0C66 /* NewMessageController.swift in Sources */ = {isa = PBXBuildFile; fileRef = 0D1930FD2258C489006A0C66 /* NewMessageController.swift */; };
		0D1931012258DFC2006A0C66 /* User.swift in Sources */ = {isa = PBXBuildFile; fileRef = 0D1931002258DFC2006A0C66 /* User.swift */; };
		0D1931042259012A006A0C66 /* LoginViewControllerExtension.swift in Sources */ = {isa = PBXBuildFile; fileRef = 0D1931032259012A006A0C66 /* LoginViewControllerExtension.swift */; };
		0D193106225A200C006A0C66 /* ImageViewExtension.swift in Sources */ = {isa = PBXBuildFile; fileRef = 0D193105225A200C006A0C66 /* ImageViewExtension.swift */; };
		0D1BC91E225B269100F39B7C /* ChatLogController.swift in Sources */ = {isa = PBXBuildFile; fileRef = 0D1BC91D225B269100F39B7C /* ChatLogController.swift */; };
		0DDF57362255F74100671B51 /* AppDelegate.swift in Sources */ = {isa = PBXBuildFile; fileRef = 0DDF57352255F74100671B51 /* AppDelegate.swift */; };
		0DDF57382255F74100671B51 /* ViewController.swift in Sources */ = {isa = PBXBuildFile; fileRef = 0DDF57372255F74100671B51 /* ViewController.swift */; };
		0DDF573B2255F74100671B51 /* Main.storyboard in Resources */ = {isa = PBXBuildFile; fileRef = 0DDF57392255F74100671B51 /* Main.storyboard */; };
		0DDF573D2255F74400671B51 /* Assets.xcassets in Resources */ = {isa = PBXBuildFile; fileRef = 0DDF573C2255F74400671B51 /* Assets.xcassets */; };
		0DDF57402255F74400671B51 /* LaunchScreen.storyboard in Resources */ = {isa = PBXBuildFile; fileRef = 0DDF573E2255F74400671B51 /* LaunchScreen.storyboard */; };
		0DDF574822563F6900671B51 /* LoginViewController.swift in Sources */ = {isa = PBXBuildFile; fileRef = 0DDF574722563F6900671B51 /* LoginViewController.swift */; };
		0DDF574A2257213000671B51 /* GoogleService-Info.plist in Resources */ = {isa = PBXBuildFile; fileRef = 0DDF57492257213000671B51 /* GoogleService-Info.plist */; };
		30214ED9A79346F7D2E1D8FD /* Pods_Chat.framework in Frameworks */ = {isa = PBXBuildFile; fileRef = 18A30A7673F9275A3C6A3EBC /* Pods_Chat.framework */; };
/* End PBXBuildFile section */

/* Begin PBXFileReference section */
		0D1930FD2258C489006A0C66 /* NewMessageController.swift */ = {isa = PBXFileReference; lastKnownFileType = sourcecode.swift; path = NewMessageController.swift; sourceTree = "<group>"; };
		0D1931002258DFC2006A0C66 /* User.swift */ = {isa = PBXFileReference; lastKnownFileType = sourcecode.swift; path = User.swift; sourceTree = "<group>"; };
		0D1931032259012A006A0C66 /* LoginViewControllerExtension.swift */ = {isa = PBXFileReference; lastKnownFileType = sourcecode.swift; path = LoginViewControllerExtension.swift; sourceTree = "<group>"; };
		0D193105225A200C006A0C66 /* ImageViewExtension.swift */ = {isa = PBXFileReference; lastKnownFileType = sourcecode.swift; path = ImageViewExtension.swift; sourceTree = "<group>"; };
		0D1BC91D225B269100F39B7C /* ChatLogController.swift */ = {isa = PBXFileReference; lastKnownFileType = sourcecode.swift; path = ChatLogController.swift; sourceTree = "<group>"; };
		0DDF57322255F74100671B51 /* Chat.app */ = {isa = PBXFileReference; explicitFileType = wrapper.application; includeInIndex = 0; path = Chat.app; sourceTree = BUILT_PRODUCTS_DIR; };
		0DDF57352255F74100671B51 /* AppDelegate.swift */ = {isa = PBXFileReference; lastKnownFileType = sourcecode.swift; path = AppDelegate.swift; sourceTree = "<group>"; };
		0DDF57372255F74100671B51 /* ViewController.swift */ = {isa = PBXFileReference; lastKnownFileType = sourcecode.swift; name = ViewController.swift; path = ../ViewController.swift; sourceTree = "<group>"; };
		0DDF573A2255F74100671B51 /* Base */ = {isa = PBXFileReference; lastKnownFileType = file.storyboard; name = Base; path = Base.lproj/Main.storyboard; sourceTree = "<group>"; };
		0DDF573C2255F74400671B51 /* Assets.xcassets */ = {isa = PBXFileReference; lastKnownFileType = folder.assetcatalog; path = Assets.xcassets; sourceTree = "<group>"; };
		0DDF573F2255F74400671B51 /* Base */ = {isa = PBXFileReference; lastKnownFileType = file.storyboard; name = Base; path = Base.lproj/LaunchScreen.storyboard; sourceTree = "<group>"; };
		0DDF57412255F74400671B51 /* Info.plist */ = {isa = PBXFileReference; lastKnownFileType = text.plist.xml; path = Info.plist; sourceTree = "<group>"; };
		0DDF574722563F6900671B51 /* LoginViewController.swift */ = {isa = PBXFileReference; lastKnownFileType = sourcecode.swift; name = LoginViewController.swift; path = ../LoginViewController.swift; sourceTree = "<group>"; };
		0DDF57492257213000671B51 /* GoogleService-Info.plist */ = {isa = PBXFileReference; fileEncoding = 4; lastKnownFileType = text.plist.xml; path = "GoogleService-Info.plist"; sourceTree = "<group>"; };
		18A30A7673F9275A3C6A3EBC /* Pods_Chat.framework */ = {isa = PBXFileReference; explicitFileType = wrapper.framework; includeInIndex = 0; path = Pods_Chat.framework; sourceTree = BUILT_PRODUCTS_DIR; };
		7B4290B8843BC97F382645AB /* Pods-Chat.release.xcconfig */ = {isa = PBXFileReference; includeInIndex = 1; lastKnownFileType = text.xcconfig; name = "Pods-Chat.release.xcconfig"; path = "Target Support Files/Pods-Chat/Pods-Chat.release.xcconfig"; sourceTree = "<group>"; };
		C6E5F6BEE39E437691EB6E16 /* Pods-Chat.debug.xcconfig */ = {isa = PBXFileReference; includeInIndex = 1; lastKnownFileType = text.xcconfig; name = "Pods-Chat.debug.xcconfig"; path = "Target Support Files/Pods-Chat/Pods-Chat.debug.xcconfig"; sourceTree = "<group>"; };
/* End PBXFileReference section */

/* Begin PBXFrameworksBuildPhase section */
		0DDF572F2255F74100671B51 /* Frameworks */ = {
			isa = PBXFrameworksBuildPhase;
			buildActionMask = 2147483647;
			files = (
				30214ED9A79346F7D2E1D8FD /* Pods_Chat.framework in Frameworks */,
			);
			runOnlyForDeploymentPostprocessing = 0;
		};
/* End PBXFrameworksBuildPhase section */

/* Begin PBXGroup section */
		0D1930FF2258DF90006A0C66 /* Model */ = {
			isa = PBXGroup;
			children = (
				0D1931002258DFC2006A0C66 /* User.swift */,
			);
			path = Model;
			sourceTree = "<group>";
		};
		0D1931022258DFDC006A0C66 /* Controller */ = {
			isa = PBXGroup;
			children = (
				0DDF574722563F6900671B51 /* LoginViewController.swift */,
				0D1931032259012A006A0C66 /* LoginViewControllerExtension.swift */,
				0DDF57372255F74100671B51 /* ViewController.swift */,
				0D1930FD2258C489006A0C66 /* NewMessageController.swift */,
				0D1BC91D225B269100F39B7C /* ChatLogController.swift */,
				0D193105225A200C006A0C66 /* ImageViewExtension.swift */,
			);
			path = Controller;
			sourceTree = "<group>";
		};
		0DDF57292255F74000671B51 = {
			isa = PBXGroup;
			children = (
				0DDF57342255F74100671B51 /* Chat */,
				0DDF57332255F74100671B51 /* Products */,
				BF3332810EF283285C04A53A /* Pods */,
				99D8FC2FDEC8F8D12111F5BC /* Frameworks */,
			);
			sourceTree = "<group>";
		};
		0DDF57332255F74100671B51 /* Products */ = {
			isa = PBXGroup;
			children = (
				0DDF57322255F74100671B51 /* Chat.app */,
			);
			name = Products;
			sourceTree = "<group>";
		};
		0DDF57342255F74100671B51 /* Chat */ = {
			isa = PBXGroup;
			children = (
				0D1930FF2258DF90006A0C66 /* Model */,
				0D1931022258DFDC006A0C66 /* Controller */,
				0DDF57352255F74100671B51 /* AppDelegate.swift */,
				0DDF57392255F74100671B51 /* Main.storyboard */,
				0DDF573C2255F74400671B51 /* Assets.xcassets */,
				0DDF573E2255F74400671B51 /* LaunchScreen.storyboard */,
				0DDF57412255F74400671B51 /* Info.plist */,
				0DDF57492257213000671B51 /* GoogleService-Info.plist */,
			);
			path = Chat;
			sourceTree = "<group>";
		};
		99D8FC2FDEC8F8D12111F5BC /* Frameworks */ = {
			isa = PBXGroup;
			children = (
				18A30A7673F9275A3C6A3EBC /* Pods_Chat.framework */,
			);
			name = Frameworks;
			sourceTree = "<group>";
		};
		BF3332810EF283285C04A53A /* Pods */ = {
			isa = PBXGroup;
			children = (
				C6E5F6BEE39E437691EB6E16 /* Pods-Chat.debug.xcconfig */,
				7B4290B8843BC97F382645AB /* Pods-Chat.release.xcconfig */,
			);
			path = Pods;
			sourceTree = "<group>";
		};
/* End PBXGroup section */

/* Begin PBXNativeTarget section */
		0DDF57312255F74100671B51 /* Chat */ = {
			isa = PBXNativeTarget;
			buildConfigurationList = 0DDF57442255F74400671B51 /* Build configuration list for PBXNativeTarget "Chat" */;
			buildPhases = (
				6BDFEE22FF37A1706107F063 /* [CP] Check Pods Manifest.lock */,
				0DDF572E2255F74100671B51 /* Sources */,
				0DDF572F2255F74100671B51 /* Frameworks */,
				0DDF57302255F74100671B51 /* Resources */,
				7CCD5B682D3683017809E33B /* [CP] Embed Pods Frameworks */,
			);
			buildRules = (
			);
			dependencies = (
			);
			name = Chat;
			productName = Chat;
			productReference = 0DDF57322255F74100671B51 /* Chat.app */;
			productType = "com.apple.product-type.application";
		};
/* End PBXNativeTarget section */

/* Begin PBXProject section */
		0DDF572A2255F74100671B51 /* Project object */ = {
			isa = PBXProject;
			attributes = {
				LastSwiftUpdateCheck = 1020;
				LastUpgradeCheck = 1020;
				ORGANIZATIONNAME = Rui;
				TargetAttributes = {
					0DDF57312255F74100671B51 = {
						CreatedOnToolsVersion = 10.2;
					};
				};
			};
			buildConfigurationList = 0DDF572D2255F74100671B51 /* Build configuration list for PBXProject "Chat" */;
			compatibilityVersion = "Xcode 9.3";
			developmentRegion = en;
			hasScannedForEncodings = 0;
			knownRegions = (
				en,
				Base,
			);
			mainGroup = 0DDF57292255F74000671B51;
			productRefGroup = 0DDF57332255F74100671B51 /* Products */;
			projectDirPath = "";
			projectRoot = "";
			targets = (
				0DDF57312255F74100671B51 /* Chat */,
			);
		};
/* End PBXProject section */

/* Begin PBXResourcesBuildPhase section */
		0DDF57302255F74100671B51 /* Resources */ = {
			isa = PBXResourcesBuildPhase;
			buildActionMask = 2147483647;
			files = (
				0DDF57402255F74400671B51 /* LaunchScreen.storyboard in Resources */,
				0DDF574A2257213000671B51 /* GoogleService-Info.plist in Resources */,
				0DDF573D2255F74400671B51 /* Assets.xcassets in Resources */,
				0DDF573B2255F74100671B51 /* Main.storyboard in Resources */,
			);
			runOnlyForDeploymentPostprocessing = 0;
		};
/* End PBXResourcesBuildPhase section */

/* Begin PBXShellScriptBuildPhase section */
		6BDFEE22FF37A1706107F063 /* [CP] Check Pods Manifest.lock */ = {
			isa = PBXShellScriptBuildPhase;
			buildActionMask = 2147483647;
			files = (
			);
			inputFileListPaths = (
			);
			inputPaths = (
				"${PODS_PODFILE_DIR_PATH}/Podfile.lock",
				"${PODS_ROOT}/Manifest.lock",
			);
			name = "[CP] Check Pods Manifest.lock";
			outputFileListPaths = (
			);
			outputPaths = (
				"$(DERIVED_FILE_DIR)/Pods-Chat-checkManifestLockResult.txt",
			);
			runOnlyForDeploymentPostprocessing = 0;
			shellPath = /bin/sh;
			shellScript = "diff \"${PODS_PODFILE_DIR_PATH}/Podfile.lock\" \"${PODS_ROOT}/Manifest.lock\" > /dev/null\nif [ $? != 0 ] ; then\n    # print error to STDERR\n    echo \"error: The sandbox is not in sync with the Podfile.lock. Run 'pod install' or update your CocoaPods installation.\" >&2\n    exit 1\nfi\n# This output is used by Xcode 'outputs' to avoid re-running this script phase.\necho \"SUCCESS\" > \"${SCRIPT_OUTPUT_FILE_0}\"\n";
			showEnvVarsInLog = 0;
		};
		7CCD5B682D3683017809E33B /* [CP] Embed Pods Frameworks */ = {
			isa = PBXShellScriptBuildPhase;
			buildActionMask = 2147483647;
			files = (
			);
			inputFileListPaths = (
				"${PODS_ROOT}/Target Support Files/Pods-Chat/Pods-Chat-frameworks-${CONFIGURATION}-input-files.xcfilelist",
			);
			name = "[CP] Embed Pods Frameworks";
			outputFileListPaths = (
				"${PODS_ROOT}/Target Support Files/Pods-Chat/Pods-Chat-frameworks-${CONFIGURATION}-output-files.xcfilelist",
			);
			runOnlyForDeploymentPostprocessing = 0;
			shellPath = /bin/sh;
			shellScript = "\"${PODS_ROOT}/Target Support Files/Pods-Chat/Pods-Chat-frameworks.sh\"\n";
			showEnvVarsInLog = 0;
		};
/* End PBXShellScriptBuildPhase section */

/* Begin PBXSourcesBuildPhase section */
		0DDF572E2255F74100671B51 /* Sources */ = {
			isa = PBXSourcesBuildPhase;
			buildActionMask = 2147483647;
			files = (
				0D1BC91E225B269100F39B7C /* ChatLogController.swift in Sources */,
				0D1931042259012A006A0C66 /* LoginViewControllerExtension.swift in Sources */,
				0D193106225A200C006A0C66 /* ImageViewExtension.swift in Sources */,
				0D1930FE2258C489006A0C66 /* NewMessageController.swift in Sources */,
				0DDF574822563F6900671B51 /* LoginViewController.swift in Sources */,
				0DDF57382255F74100671B51 /* ViewController.swift in Sources */,
				0D1931012258DFC2006A0C66 /* User.swift in Sources */,
				0DDF57362255F74100671B51 /* AppDelegate.swift in Sources */,
			);
			runOnlyForDeploymentPostprocessing = 0;
		};
/* End PBXSourcesBuildPhase section */

/* Begin PBXVariantGroup section */
		0DDF57392255F74100671B51 /* Main.storyboard */ = {
			isa = PBXVariantGroup;
			children = (
				0DDF573A2255F74100671B51 /* Base */,
			);
			name = Main.storyboard;
			sourceTree = "<group>";
		};
		0DDF573E2255F74400671B51 /* LaunchScreen.storyboard */ = {
			isa = PBXVariantGroup;
			children = (
				0DDF573F2255F74400671B51 /* Base */,
			);
			name = LaunchScreen.storyboard;
			sourceTree = "<group>";
		};
/* End PBXVariantGroup section */

/* Begin XCBuildConfiguration section */
		0DDF57422255F74400671B51 /* Debug */ = {
			isa = XCBuildConfiguration;
			buildSettings = {
				ALWAYS_SEARCH_USER_PATHS = NO;
				CLANG_ANALYZER_NONNULL = YES;
				CLANG_ANALYZER_NUMBER_OBJECT_CONVERSION = YES_AGGRESSIVE;
				CLANG_CXX_LANGUAGE_STANDARD = "gnu++14";
				CLANG_CXX_LIBRARY = "libc++";
				CLANG_ENABLE_MODULES = YES;
				CLANG_ENABLE_OBJC_ARC = YES;
				CLANG_ENABLE_OBJC_WEAK = YES;
				CLANG_WARN_BLOCK_CAPTURE_AUTORELEASING = YES;
				CLANG_WARN_BOOL_CONVERSION = YES;
				CLANG_WARN_COMMA = YES;
				CLANG_WARN_CONSTANT_CONVERSION = YES;
				CLANG_WARN_DEPRECATED_OBJC_IMPLEMENTATIONS = YES;
				CLANG_WARN_DIRECT_OBJC_ISA_USAGE = YES_ERROR;
				CLANG_WARN_DOCUMENTATION_COMMENTS = YES;
				CLANG_WARN_EMPTY_BODY = YES;
				CLANG_WARN_ENUM_CONVERSION = YES;
				CLANG_WARN_INFINITE_RECURSION = YES;
				CLANG_WARN_INT_CONVERSION = YES;
				CLANG_WARN_NON_LITERAL_NULL_CONVERSION = YES;
				CLANG_WARN_OBJC_IMPLICIT_RETAIN_SELF = YES;
				CLANG_WARN_OBJC_LITERAL_CONVERSION = YES;
				CLANG_WARN_OBJC_ROOT_CLASS = YES_ERROR;
				CLANG_WARN_RANGE_LOOP_ANALYSIS = YES;
				CLANG_WARN_STRICT_PROTOTYPES = YES;
				CLANG_WARN_SUSPICIOUS_MOVE = YES;
				CLANG_WARN_UNGUARDED_AVAILABILITY = YES_AGGRESSIVE;
				CLANG_WARN_UNREACHABLE_CODE = YES;
				CLANG_WARN__DUPLICATE_METHOD_MATCH = YES;
				CODE_SIGN_IDENTITY = "iPhone Developer";
				COPY_PHASE_STRIP = NO;
				DEBUG_INFORMATION_FORMAT = dwarf;
				ENABLE_STRICT_OBJC_MSGSEND = YES;
				ENABLE_TESTABILITY = YES;
				GCC_C_LANGUAGE_STANDARD = gnu11;
				GCC_DYNAMIC_NO_PIC = NO;
				GCC_NO_COMMON_BLOCKS = YES;
				GCC_OPTIMIZATION_LEVEL = 0;
				GCC_PREPROCESSOR_DEFINITIONS = (
					"DEBUG=1",
					"$(inherited)",
				);
				GCC_WARN_64_TO_32_BIT_CONVERSION = YES;
				GCC_WARN_ABOUT_RETURN_TYPE = YES_ERROR;
				GCC_WARN_UNDECLARED_SELECTOR = YES;
				GCC_WARN_UNINITIALIZED_AUTOS = YES_AGGRESSIVE;
				GCC_WARN_UNUSED_FUNCTION = YES;
				GCC_WARN_UNUSED_VARIABLE = YES;
				IPHONEOS_DEPLOYMENT_TARGET = 12.2;
				MTL_ENABLE_DEBUG_INFO = INCLUDE_SOURCE;
				MTL_FAST_MATH = YES;
				ONLY_ACTIVE_ARCH = YES;
				SDKROOT = iphoneos;
				SWIFT_ACTIVE_COMPILATION_CONDITIONS = DEBUG;
				SWIFT_OPTIMIZATION_LEVEL = "-Onone";
			};
			name = Debug;
		};
		0DDF57432255F74400671B51 /* Release */ = {
			isa = XCBuildConfiguration;
			buildSettings = {
				ALWAYS_SEARCH_USER_PATHS = NO;
				CLANG_ANALYZER_NONNULL = YES;
				CLANG_ANALYZER_NUMBER_OBJECT_CONVERSION = YES_AGGRESSIVE;
				CLANG_CXX_LANGUAGE_STANDARD = "gnu++14";
				CLANG_CXX_LIBRARY = "libc++";
				CLANG_ENABLE_MODULES = YES;
				CLANG_ENABLE_OBJC_ARC = YES;
				CLANG_ENABLE_OBJC_WEAK = YES;
				CLANG_WARN_BLOCK_CAPTURE_AUTORELEASING = YES;
				CLANG_WARN_BOOL_CONVERSION = YES;
				CLANG_WARN_COMMA = YES;
				CLANG_WARN_CONSTANT_CONVERSION = YES;
				CLANG_WARN_DEPRECATED_OBJC_IMPLEMENTATIONS = YES;
				CLANG_WARN_DIRECT_OBJC_ISA_USAGE = YES_ERROR;
				CLANG_WARN_DOCUMENTATION_COMMENTS = YES;
				CLANG_WARN_EMPTY_BODY = YES;
				CLANG_WARN_ENUM_CONVERSION = YES;
				CLANG_WARN_INFINITE_RECURSION = YES;
				CLANG_WARN_INT_CONVERSION = YES;
				CLANG_WARN_NON_LITERAL_NULL_CONVERSION = YES;
				CLANG_WARN_OBJC_IMPLICIT_RETAIN_SELF = YES;
				CLANG_WARN_OBJC_LITERAL_CONVERSION = YES;
				CLANG_WARN_OBJC_ROOT_CLASS = YES_ERROR;
				CLANG_WARN_RANGE_LOOP_ANALYSIS = YES;
				CLANG_WARN_STRICT_PROTOTYPES = YES;
				CLANG_WARN_SUSPICIOUS_MOVE = YES;
				CLANG_WARN_UNGUARDED_AVAILABILITY = YES_AGGRESSIVE;
				CLANG_WARN_UNREACHABLE_CODE = YES;
				CLANG_WARN__DUPLICATE_METHOD_MATCH = YES;
				CODE_SIGN_IDENTITY = "iPhone Developer";
				COPY_PHASE_STRIP = NO;
				DEBUG_INFORMATION_FORMAT = "dwarf-with-dsym";
				ENABLE_NS_ASSERTIONS = NO;
				ENABLE_STRICT_OBJC_MSGSEND = YES;
				GCC_C_LANGUAGE_STANDARD = gnu11;
				GCC_NO_COMMON_BLOCKS = YES;
				GCC_WARN_64_TO_32_BIT_CONVERSION = YES;
				GCC_WARN_ABOUT_RETURN_TYPE = YES_ERROR;
				GCC_WARN_UNDECLARED_SELECTOR = YES;
				GCC_WARN_UNINITIALIZED_AUTOS = YES_AGGRESSIVE;
				GCC_WARN_UNUSED_FUNCTION = YES;
				GCC_WARN_UNUSED_VARIABLE = YES;
				IPHONEOS_DEPLOYMENT_TARGET = 12.2;
				MTL_ENABLE_DEBUG_INFO = NO;
				MTL_FAST_MATH = YES;
				SDKROOT = iphoneos;
				SWIFT_COMPILATION_MODE = wholemodule;
				SWIFT_OPTIMIZATION_LEVEL = "-O";
				VALIDATE_PRODUCT = YES;
			};
			name = Release;
		};
		0DDF57452255F74400671B51 /* Debug */ = {
			isa = XCBuildConfiguration;
			baseConfigurationReference = C6E5F6BEE39E437691EB6E16 /* Pods-Chat.debug.xcconfig */;
			buildSettings = {
				ASSETCATALOG_COMPILER_APPICON_NAME = AppIcon;
				CODE_SIGN_STYLE = Automatic;
				INFOPLIST_FILE = Chat/Info.plist;
				LD_RUNPATH_SEARCH_PATHS = (
					"$(inherited)",
					"@executable_path/Frameworks",
				);
				PRODUCT_BUNDLE_IDENTIFIER = "-000.Chat";
				PRODUCT_NAME = "$(TARGET_NAME)";
				SWIFT_VERSION = 5.0;
				TARGETED_DEVICE_FAMILY = "1,2";
			};
			name = Debug;
		};
		0DDF57462255F74400671B51 /* Release */ = {
			isa = XCBuildConfiguration;
			baseConfigurationReference = 7B4290B8843BC97F382645AB /* Pods-Chat.release.xcconfig */;
			buildSettings = {
				ASSETCATALOG_COMPILER_APPICON_NAME = AppIcon;
				CODE_SIGN_STYLE = Automatic;
				INFOPLIST_FILE = Chat/Info.plist;
				LD_RUNPATH_SEARCH_PATHS = (
					"$(inherited)",
					"@executable_path/Frameworks",
				);
				PRODUCT_BUNDLE_IDENTIFIER = "-000.Chat";
				PRODUCT_NAME = "$(TARGET_NAME)";
				SWIFT_VERSION = 5.0;
				TARGETED_DEVICE_FAMILY = "1,2";
			};
			name = Release;
		};
/* End XCBuildConfiguration section */

/* Begin XCConfigurationList section */
		0DDF572D2255F74100671B51 /* Build configuration list for PBXProject "Chat" */ = {
			isa = XCConfigurationList;
			buildConfigurations = (
				0DDF57422255F74400671B51 /* Debug */,
				0DDF57432255F74400671B51 /* Release */,
			);
			defaultConfigurationIsVisible = 0;
			defaultConfigurationName = Release;
		};
		0DDF57442255F74400671B51 /* Build configuration list for PBXNativeTarget "Chat" */ = {
			isa = XCConfigurationList;
			buildConfigurations = (
				0DDF57452255F74400671B51 /* Debug */,
				0DDF57462255F74400671B51 /* Release */,
			);
			defaultConfigurationIsVisible = 0;
			defaultConfigurationName = Release;
		};
/* End XCConfigurationList section */
	};
	rootObject = 0DDF572A2255F74100671B51 /* Project object */;
}
